// !$*UTF8*$!
{
	archiveVersion = 1;
	classes = {
	};
	objectVersion = 46;
	objects = {

/* Begin PBXBuildFile section */
		7B61EE47174D2162002A483D /* UIKit.framework in Frameworks */ = {isa = PBXBuildFile; fileRef = 7B61EE46174D2162002A483D /* UIKit.framework */; };
		7B61EE49174D2162002A483D /* Foundation.framework in Frameworks */ = {isa = PBXBuildFile; fileRef = 7B61EE48174D2162002A483D /* Foundation.framework */; };
		7B61EE4B174D2162002A483D /* CoreGraphics.framework in Frameworks */ = {isa = PBXBuildFile; fileRef = 7B61EE4A174D2162002A483D /* CoreGraphics.framework */; };
		7B61EE51174D2162002A483D /* InfoPlist.strings in Resources */ = {isa = PBXBuildFile; fileRef = 7B61EE4F174D2162002A483D /* InfoPlist.strings */; };
		7B61EE53174D2162002A483D /* main.m in Sources */ = {isa = PBXBuildFile; fileRef = 7B61EE52174D2162002A483D /* main.m */; };
		7B61EE57174D2162002A483D /* AppDelegate.m in Sources */ = {isa = PBXBuildFile; fileRef = 7B61EE56174D2162002A483D /* AppDelegate.m */; };
		7B61EE59174D2162002A483D /* Default.png in Resources */ = {isa = PBXBuildFile; fileRef = 7B61EE58174D2162002A483D /* Default.png */; };
		7B61EE5B174D2162002A483D /* Default@2x.png in Resources */ = {isa = PBXBuildFile; fileRef = 7B61EE5A174D2162002A483D /* Default@2x.png */; };
		7B61EE5D174D2162002A483D /* Default-568h@2x.png in Resources */ = {isa = PBXBuildFile; fileRef = 7B61EE5C174D2162002A483D /* Default-568h@2x.png */; };
		7B61EE60174D2162002A483D /* FirstViewController.m in Sources */ = {isa = PBXBuildFile; fileRef = 7B61EE5F174D2162002A483D /* FirstViewController.m */; };
		7B61EE62174D2162002A483D /* first.png in Resources */ = {isa = PBXBuildFile; fileRef = 7B61EE61174D2162002A483D /* first.png */; };
		7B61EE64174D2162002A483D /* first@2x.png in Resources */ = {isa = PBXBuildFile; fileRef = 7B61EE63174D2162002A483D /* first@2x.png */; };
		7B61EE67174D2162002A483D /* SecondViewController.m in Sources */ = {isa = PBXBuildFile; fileRef = 7B61EE66174D2162002A483D /* SecondViewController.m */; };
		7B61EE69174D2162002A483D /* second.png in Resources */ = {isa = PBXBuildFile; fileRef = 7B61EE68174D2162002A483D /* second.png */; };
		7B61EE6B174D2162002A483D /* second@2x.png in Resources */ = {isa = PBXBuildFile; fileRef = 7B61EE6A174D2162002A483D /* second@2x.png */; };
		7B61EE6E174D2162002A483D /* FirstViewController.xib in Resources */ = {isa = PBXBuildFile; fileRef = 7B61EE6C174D2162002A483D /* FirstViewController.xib */; };
		7B61EE71174D2162002A483D /* SecondViewController.xib in Resources */ = {isa = PBXBuildFile; fileRef = 7B61EE6F174D2162002A483D /* SecondViewController.xib */; };
		7B7A743D174D42F2005E90B9 /* IGRequest.m in Sources */ = {isa = PBXBuildFile; fileRef = 7B7A743A174D42F2005E90B9 /* IGRequest.m */; };
		7B7A743E174D42F2005E90B9 /* Instagram.m in Sources */ = {isa = PBXBuildFile; fileRef = 7B7A743C174D42F2005E90B9 /* Instagram.m */; };
		7B7A7446174D4AA1005E90B9 /* AuthenticationViewController.m in Sources */ = {isa = PBXBuildFile; fileRef = 7B7A7444174D4AA1005E90B9 /* AuthenticationViewController.m */; };
		7B7A7447174D4AA1005E90B9 /* AuthenticationViewController.xib in Resources */ = {isa = PBXBuildFile; fileRef = 7B7A7445174D4AA1005E90B9 /* AuthenticationViewController.xib */; };
		7B7A744D174D4ED9005E90B9 /* InstagramUserObject.m in Sources */ = {isa = PBXBuildFile; fileRef = 7B7A744C174D4ED9005E90B9 /* InstagramUserObject.m */; };
		7B7A7452174D505D005E90B9 /* GroupDiskManager.m in Sources */ = {isa = PBXBuildFile; fileRef = 7B7A7451174D505D005E90B9 /* GroupDiskManager.m */; };
/* End PBXBuildFile section */

/* Begin PBXFileReference section */
		7B61EE43174D2162002A483D /* Instashop.app */ = {isa = PBXFileReference; explicitFileType = wrapper.application; includeInIndex = 0; path = Instashop.app; sourceTree = BUILT_PRODUCTS_DIR; };
		7B61EE46174D2162002A483D /* UIKit.framework */ = {isa = PBXFileReference; lastKnownFileType = wrapper.framework; name = UIKit.framework; path = System/Library/Frameworks/UIKit.framework; sourceTree = SDKROOT; };
		7B61EE48174D2162002A483D /* Foundation.framework */ = {isa = PBXFileReference; lastKnownFileType = wrapper.framework; name = Foundation.framework; path = System/Library/Frameworks/Foundation.framework; sourceTree = SDKROOT; };
		7B61EE4A174D2162002A483D /* CoreGraphics.framework */ = {isa = PBXFileReference; lastKnownFileType = wrapper.framework; name = CoreGraphics.framework; path = System/Library/Frameworks/CoreGraphics.framework; sourceTree = SDKROOT; };
		7B61EE4E174D2162002A483D /* Instashop-Info.plist */ = {isa = PBXFileReference; lastKnownFileType = text.plist.xml; path = "Instashop-Info.plist"; sourceTree = "<group>"; };
		7B61EE50174D2162002A483D /* en */ = {isa = PBXFileReference; lastKnownFileType = text.plist.strings; name = en; path = en.lproj/InfoPlist.strings; sourceTree = "<group>"; };
		7B61EE52174D2162002A483D /* main.m */ = {isa = PBXFileReference; lastKnownFileType = sourcecode.c.objc; path = main.m; sourceTree = "<group>"; };
		7B61EE54174D2162002A483D /* Instashop-Prefix.pch */ = {isa = PBXFileReference; lastKnownFileType = sourcecode.c.h; path = "Instashop-Prefix.pch"; sourceTree = "<group>"; };
		7B61EE55174D2162002A483D /* AppDelegate.h */ = {isa = PBXFileReference; lastKnownFileType = sourcecode.c.h; path = AppDelegate.h; sourceTree = "<group>"; };
		7B61EE56174D2162002A483D /* AppDelegate.m */ = {isa = PBXFileReference; lastKnownFileType = sourcecode.c.objc; path = AppDelegate.m; sourceTree = "<group>"; };
		7B61EE58174D2162002A483D /* Default.png */ = {isa = PBXFileReference; lastKnownFileType = image.png; path = Default.png; sourceTree = "<group>"; };
		7B61EE5A174D2162002A483D /* Default@2x.png */ = {isa = PBXFileReference; lastKnownFileType = image.png; path = "Default@2x.png"; sourceTree = "<group>"; };
		7B61EE5C174D2162002A483D /* Default-568h@2x.png */ = {isa = PBXFileReference; lastKnownFileType = image.png; path = "Default-568h@2x.png"; sourceTree = "<group>"; };
		7B61EE5E174D2162002A483D /* FirstViewController.h */ = {isa = PBXFileReference; lastKnownFileType = sourcecode.c.h; path = FirstViewController.h; sourceTree = "<group>"; };
		7B61EE5F174D2162002A483D /* FirstViewController.m */ = {isa = PBXFileReference; lastKnownFileType = sourcecode.c.objc; path = FirstViewController.m; sourceTree = "<group>"; };
		7B61EE61174D2162002A483D /* first.png */ = {isa = PBXFileReference; lastKnownFileType = image.png; path = first.png; sourceTree = "<group>"; };
		7B61EE63174D2162002A483D /* first@2x.png */ = {isa = PBXFileReference; lastKnownFileType = image.png; path = "first@2x.png"; sourceTree = "<group>"; };
		7B61EE65174D2162002A483D /* SecondViewController.h */ = {isa = PBXFileReference; lastKnownFileType = sourcecode.c.h; path = SecondViewController.h; sourceTree = "<group>"; };
		7B61EE66174D2162002A483D /* SecondViewController.m */ = {isa = PBXFileReference; lastKnownFileType = sourcecode.c.objc; path = SecondViewController.m; sourceTree = "<group>"; };
		7B61EE68174D2162002A483D /* second.png */ = {isa = PBXFileReference; lastKnownFileType = image.png; path = second.png; sourceTree = "<group>"; };
		7B61EE6A174D2162002A483D /* second@2x.png */ = {isa = PBXFileReference; lastKnownFileType = image.png; path = "second@2x.png"; sourceTree = "<group>"; };
		7B61EE6D174D2162002A483D /* en */ = {isa = PBXFileReference; lastKnownFileType = file.xib; name = en; path = en.lproj/FirstViewController.xib; sourceTree = "<group>"; };
		7B61EE70174D2162002A483D /* en */ = {isa = PBXFileReference; lastKnownFileType = file.xib; name = en; path = en.lproj/SecondViewController.xib; sourceTree = "<group>"; };
		7B7A7438174D42F2005E90B9 /* IGConnect.h */ = {isa = PBXFileReference; fileEncoding = 4; lastKnownFileType = sourcecode.c.h; path = IGConnect.h; sourceTree = "<group>"; };
		7B7A7439174D42F2005E90B9 /* IGRequest.h */ = {isa = PBXFileReference; fileEncoding = 4; lastKnownFileType = sourcecode.c.h; path = IGRequest.h; sourceTree = "<group>"; };
		7B7A743A174D42F2005E90B9 /* IGRequest.m */ = {isa = PBXFileReference; fileEncoding = 4; lastKnownFileType = sourcecode.c.objc; path = IGRequest.m; sourceTree = "<group>"; };
		7B7A743B174D42F2005E90B9 /* Instagram.h */ = {isa = PBXFileReference; fileEncoding = 4; lastKnownFileType = sourcecode.c.h; path = Instagram.h; sourceTree = "<group>"; };
		7B7A743C174D42F2005E90B9 /* Instagram.m */ = {isa = PBXFileReference; fileEncoding = 4; lastKnownFileType = sourcecode.c.objc; path = Instagram.m; sourceTree = "<group>"; };
		7B7A7443174D4AA1005E90B9 /* AuthenticationViewController.h */ = {isa = PBXFileReference; fileEncoding = 4; lastKnownFileType = sourcecode.c.h; path = AuthenticationViewController.h; sourceTree = "<group>"; };
		7B7A7444174D4AA1005E90B9 /* AuthenticationViewController.m */ = {isa = PBXFileReference; fileEncoding = 4; lastKnownFileType = sourcecode.c.objc; path = AuthenticationViewController.m; sourceTree = "<group>"; };
		7B7A7445174D4AA1005E90B9 /* AuthenticationViewController.xib */ = {isa = PBXFileReference; fileEncoding = 4; lastKnownFileType = file.xib; path = AuthenticationViewController.xib; sourceTree = "<group>"; };
		7B7A744B174D4ED9005E90B9 /* InstagramUserObject.h */ = {isa = PBXFileReference; fileEncoding = 4; lastKnownFileType = sourcecode.c.h; path = InstagramUserObject.h; sourceTree = "<group>"; };
		7B7A744C174D4ED9005E90B9 /* InstagramUserObject.m */ = {isa = PBXFileReference; fileEncoding = 4; lastKnownFileType = sourcecode.c.objc; path = InstagramUserObject.m; sourceTree = "<group>"; };
		7B7A7450174D505D005E90B9 /* GroupDiskManager.h */ = {isa = PBXFileReference; fileEncoding = 4; lastKnownFileType = sourcecode.c.h; path = GroupDiskManager.h; sourceTree = "<group>"; };
		7B7A7451174D505D005E90B9 /* GroupDiskManager.m */ = {isa = PBXFileReference; fileEncoding = 4; lastKnownFileType = sourcecode.c.objc; path = GroupDiskManager.m; sourceTree = "<group>"; };
/* End PBXFileReference section */

/* Begin PBXFrameworksBuildPhase section */
		7B61EE40174D2161002A483D /* Frameworks */ = {
			isa = PBXFrameworksBuildPhase;
			buildActionMask = 2147483647;
			files = (
				7B61EE47174D2162002A483D /* UIKit.framework in Frameworks */,
				7B61EE49174D2162002A483D /* Foundation.framework in Frameworks */,
				7B61EE4B174D2162002A483D /* CoreGraphics.framework in Frameworks */,
			);
			runOnlyForDeploymentPostprocessing = 0;
		};
/* End PBXFrameworksBuildPhase section */

/* Begin PBXGroup section */
		7B61EE3A174D2161002A483D = {
			isa = PBXGroup;
			children = (
				7B61EE4C174D2162002A483D /* Instashop */,
				7B61EE45174D2162002A483D /* Frameworks */,
				7B61EE44174D2162002A483D /* Products */,
			);
			sourceTree = "<group>";
		};
		7B61EE44174D2162002A483D /* Products */ = {
			isa = PBXGroup;
			children = (
				7B61EE43174D2162002A483D /* Instashop.app */,
			);
			name = Products;
			sourceTree = "<group>";
		};
		7B61EE45174D2162002A483D /* Frameworks */ = {
			isa = PBXGroup;
			children = (
				7B61EE46174D2162002A483D /* UIKit.framework */,
				7B61EE48174D2162002A483D /* Foundation.framework */,
				7B61EE4A174D2162002A483D /* CoreGraphics.framework */,
			);
			name = Frameworks;
			sourceTree = "<group>";
		};
		7B61EE4C174D2162002A483D /* Instashop */ = {
			isa = PBXGroup;
			children = (
				7B7A7448174D4EAE005E90B9 /* VCs */,
				7B7A7449174D4EB8005E90B9 /* Data */,
				7B61EE55174D2162002A483D /* AppDelegate.h */,
				7B61EE56174D2162002A483D /* AppDelegate.m */,
				7B61EE4D174D2162002A483D /* Supporting Files */,
			);
			path = Instashop;
			sourceTree = "<group>";
		};
		7B61EE4D174D2162002A483D /* Supporting Files */ = {
			isa = PBXGroup;
			children = (
				7B7A7437174D42F2005E90B9 /* instagram-ios-sdk */,
				7B61EE4E174D2162002A483D /* Instashop-Info.plist */,
				7B61EE4F174D2162002A483D /* InfoPlist.strings */,
				7B61EE52174D2162002A483D /* main.m */,
				7B61EE54174D2162002A483D /* Instashop-Prefix.pch */,
				7B61EE58174D2162002A483D /* Default.png */,
				7B61EE5A174D2162002A483D /* Default@2x.png */,
				7B61EE5C174D2162002A483D /* Default-568h@2x.png */,
			);
			name = "Supporting Files";
			sourceTree = "<group>";
		};
		7B7A7437174D42F2005E90B9 /* instagram-ios-sdk */ = {
			isa = PBXGroup;
			children = (
				7B7A7438174D42F2005E90B9 /* IGConnect.h */,
				7B7A7439174D42F2005E90B9 /* IGRequest.h */,
				7B7A743A174D42F2005E90B9 /* IGRequest.m */,
				7B7A743B174D42F2005E90B9 /* Instagram.h */,
				7B7A743C174D42F2005E90B9 /* Instagram.m */,
			);
			path = "instagram-ios-sdk";
			sourceTree = "<group>";
		};
		7B7A743F174D49F9005E90B9 /* Authentication */ = {
			isa = PBXGroup;
			children = (
				7B7A7443174D4AA1005E90B9 /* AuthenticationViewController.h */,
				7B7A7444174D4AA1005E90B9 /* AuthenticationViewController.m */,
				7B7A7445174D4AA1005E90B9 /* AuthenticationViewController.xib */,
			);
			name = Authentication;
			sourceTree = "<group>";
		};
		7B7A7448174D4EAE005E90B9 /* VCs */ = {
			isa = PBXGroup;
			children = (
				7B7A7453174D51B4005E90B9 /* Old */,
				7B7A743F174D49F9005E90B9 /* Authentication */,
			);
			name = VCs;
			sourceTree = "<group>";
		};
		7B7A7449174D4EB8005E90B9 /* Data */ = {
			isa = PBXGroup;
			children = (
				7B7A744F174D5052005E90B9 /* DiskManager */,
				7B7A744A174D4EC3005E90B9 /* User */,
			);
			name = Data;
			sourceTree = "<group>";
		};
		7B7A744A174D4EC3005E90B9 /* User */ = {
			isa = PBXGroup;
			children = (
				7B7A744B174D4ED9005E90B9 /* InstagramUserObject.h */,
				7B7A744C174D4ED9005E90B9 /* InstagramUserObject.m */,
			);
			name = User;
			sourceTree = "<group>";
		};
		7B7A744F174D5052005E90B9 /* DiskManager */ = {
			isa = PBXGroup;
			children = (
				7B7A7450174D505D005E90B9 /* GroupDiskManager.h */,
				7B7A7451174D505D005E90B9 /* GroupDiskManager.m */,
			);
			name = DiskManager;
			sourceTree = "<group>";
		};
		7B7A7453174D51B4005E90B9 /* Old */ = {
			isa = PBXGroup;
			children = (
				7B61EE5E174D2162002A483D /* FirstViewController.h */,
				7B61EE5F174D2162002A483D /* FirstViewController.m */,
				7B61EE61174D2162002A483D /* first.png */,
				7B61EE63174D2162002A483D /* first@2x.png */,
				7B61EE65174D2162002A483D /* SecondViewController.h */,
				7B61EE66174D2162002A483D /* SecondViewController.m */,
				7B61EE68174D2162002A483D /* second.png */,
				7B61EE6A174D2162002A483D /* second@2x.png */,
				7B61EE6C174D2162002A483D /* FirstViewController.xib */,
				7B61EE6F174D2162002A483D /* SecondViewController.xib */,
			);
			name = Old;
			sourceTree = "<group>";
		};
/* End PBXGroup section */

/* Begin PBXNativeTarget section */
		7B61EE42174D2161002A483D /* Instashop */ = {
			isa = PBXNativeTarget;
			buildConfigurationList = 7B61EE74174D2162002A483D /* Build configuration list for PBXNativeTarget "Instashop" */;
			buildPhases = (
				7B61EE3F174D2161002A483D /* Sources */,
				7B61EE40174D2161002A483D /* Frameworks */,
				7B61EE41174D2161002A483D /* Resources */,
			);
			buildRules = (
			);
			dependencies = (
			);
			name = Instashop;
			productName = Instashop;
			productReference = 7B61EE43174D2162002A483D /* Instashop.app */;
			productType = "com.apple.product-type.application";
		};
/* End PBXNativeTarget section */

/* Begin PBXProject section */
		7B61EE3B174D2161002A483D /* Project object */ = {
			isa = PBXProject;
			attributes = {
				LastUpgradeCheck = 0460;
				ORGANIZATIONNAME = "Josh Klobe";
			};
			buildConfigurationList = 7B61EE3E174D2161002A483D /* Build configuration list for PBXProject "Instashop" */;
			compatibilityVersion = "Xcode 3.2";
			developmentRegion = English;
			hasScannedForEncodings = 0;
			knownRegions = (
				en,
			);
			mainGroup = 7B61EE3A174D2161002A483D;
			productRefGroup = 7B61EE44174D2162002A483D /* Products */;
			projectDirPath = "";
			projectRoot = "";
			targets = (
				7B61EE42174D2161002A483D /* Instashop */,
			);
		};
/* End PBXProject section */

/* Begin PBXResourcesBuildPhase section */
		7B61EE41174D2161002A483D /* Resources */ = {
			isa = PBXResourcesBuildPhase;
			buildActionMask = 2147483647;
			files = (
				7B61EE51174D2162002A483D /* InfoPlist.strings in Resources */,
				7B61EE59174D2162002A483D /* Default.png in Resources */,
				7B61EE5B174D2162002A483D /* Default@2x.png in Resources */,
				7B61EE5D174D2162002A483D /* Default-568h@2x.png in Resources */,
				7B61EE62174D2162002A483D /* first.png in Resources */,
				7B61EE64174D2162002A483D /* first@2x.png in Resources */,
				7B61EE69174D2162002A483D /* second.png in Resources */,
				7B61EE6B174D2162002A483D /* second@2x.png in Resources */,
				7B61EE6E174D2162002A483D /* FirstViewController.xib in Resources */,
				7B61EE71174D2162002A483D /* SecondViewController.xib in Resources */,
				7B7A7447174D4AA1005E90B9 /* AuthenticationViewController.xib in Resources */,
			);
			runOnlyForDeploymentPostprocessing = 0;
		};
/* End PBXResourcesBuildPhase section */

/* Begin PBXSourcesBuildPhase section */
		7B61EE3F174D2161002A483D /* Sources */ = {
			isa = PBXSourcesBuildPhase;
			buildActionMask = 2147483647;
			files = (
				7B61EE53174D2162002A483D /* main.m in Sources */,
				7B61EE57174D2162002A483D /* AppDelegate.m in Sources */,
				7B61EE60174D2162002A483D /* FirstViewController.m in Sources */,
				7B61EE67174D2162002A483D /* SecondViewController.m in Sources */,
				7B7A743D174D42F2005E90B9 /* IGRequest.m in Sources */,
				7B7A743E174D42F2005E90B9 /* Instagram.m in Sources */,
				7B7A7446174D4AA1005E90B9 /* AuthenticationViewController.m in Sources */,
				7B7A744D174D4ED9005E90B9 /* InstagramUserObject.m in Sources */,
				7B7A7452174D505D005E90B9 /* GroupDiskManager.m in Sources */,
			);
			runOnlyForDeploymentPostprocessing = 0;
		};
/* End PBXSourcesBuildPhase section */

/* Begin PBXVariantGroup section */
		7B61EE4F174D2162002A483D /* InfoPlist.strings */ = {
			isa = PBXVariantGroup;
			children = (
				7B61EE50174D2162002A483D /* en */,
			);
			name = InfoPlist.strings;
			sourceTree = "<group>";
		};
		7B61EE6C174D2162002A483D /* FirstViewController.xib */ = {
			isa = PBXVariantGroup;
			children = (
				7B61EE6D174D2162002A483D /* en */,
			);
			name = FirstViewController.xib;
			sourceTree = "<group>";
		};
		7B61EE6F174D2162002A483D /* SecondViewController.xib */ = {
			isa = PBXVariantGroup;
			children = (
				7B61EE70174D2162002A483D /* en */,
			);
			name = SecondViewController.xib;
			sourceTree = "<group>";
		};
/* End PBXVariantGroup section */

/* Begin XCBuildConfiguration section */
		7B61EE72174D2162002A483D /* Debug */ = {
			isa = XCBuildConfiguration;
			buildSettings = {
				ALWAYS_SEARCH_USER_PATHS = NO;
				CLANG_CXX_LANGUAGE_STANDARD = "gnu++0x";
				CLANG_CXX_LIBRARY = "libc++";
				CLANG_WARN_CONSTANT_CONVERSION = YES;
				CLANG_WARN_EMPTY_BODY = YES;
				CLANG_WARN_ENUM_CONVERSION = YES;
				CLANG_WARN_INT_CONVERSION = YES;
				CLANG_WARN__DUPLICATE_METHOD_MATCH = YES;
				"CODE_SIGN_IDENTITY[sdk=iphoneos*]" = "iPhone Developer";
				COPY_PHASE_STRIP = NO;
				GCC_C_LANGUAGE_STANDARD = gnu99;
				GCC_DYNAMIC_NO_PIC = NO;
				GCC_OPTIMIZATION_LEVEL = 0;
				GCC_PREPROCESSOR_DEFINITIONS = (
					"DEBUG=1",
					"$(inherited)",
				);
				GCC_SYMBOLS_PRIVATE_EXTERN = NO;
				GCC_WARN_ABOUT_RETURN_TYPE = YES;
				GCC_WARN_UNINITIALIZED_AUTOS = YES;
				GCC_WARN_UNUSED_VARIABLE = YES;
				IPHONEOS_DEPLOYMENT_TARGET = 6.1;
				ONLY_ACTIVE_ARCH = YES;
				SDKROOT = iphoneos;
			};
			name = Debug;
		};
		7B61EE73174D2162002A483D /* Release */ = {
			isa = XCBuildConfiguration;
			buildSettings = {
				ALWAYS_SEARCH_USER_PATHS = NO;
				CLANG_CXX_LANGUAGE_STANDARD = "gnu++0x";
				CLANG_CXX_LIBRARY = "libc++";
				CLANG_WARN_CONSTANT_CONVERSION = YES;
				CLANG_WARN_EMPTY_BODY = YES;
				CLANG_WARN_ENUM_CONVERSION = YES;
				CLANG_WARN_INT_CONVERSION = YES;
				CLANG_WARN__DUPLICATE_METHOD_MATCH = YES;
				"CODE_SIGN_IDENTITY[sdk=iphoneos*]" = "iPhone Developer";
				COPY_PHASE_STRIP = YES;
				GCC_C_LANGUAGE_STANDARD = gnu99;
				GCC_WARN_ABOUT_RETURN_TYPE = YES;
				GCC_WARN_UNINITIALIZED_AUTOS = YES;
				GCC_WARN_UNUSED_VARIABLE = YES;
				IPHONEOS_DEPLOYMENT_TARGET = 6.1;
				OTHER_CFLAGS = "-DNS_BLOCK_ASSERTIONS=1";
				SDKROOT = iphoneos;
				VALIDATE_PRODUCT = YES;
			};
			name = Release;
		};
		7B61EE75174D2162002A483D /* Debug */ = {
			isa = XCBuildConfiguration;
			buildSettings = {
				GCC_PRECOMPILE_PREFIX_HEADER = YES;
				GCC_PREFIX_HEADER = "Instashop/Instashop-Prefix.pch";
				INFOPLIST_FILE = "Instashop/Instashop-Info.plist";
				PRODUCT_NAME = "$(TARGET_NAME)";
				WRAPPER_EXTENSION = app;
			};
			name = Debug;
		};
		7B61EE76174D2162002A483D /* Release */ = {
			isa = XCBuildConfiguration;
			buildSettings = {
				GCC_PRECOMPILE_PREFIX_HEADER = YES;
				GCC_PREFIX_HEADER = "Instashop/Instashop-Prefix.pch";
				INFOPLIST_FILE = "Instashop/Instashop-Info.plist";
				PRODUCT_NAME = "$(TARGET_NAME)";
				WRAPPER_EXTENSION = app;
			};
			name = Release;
		};
/* End XCBuildConfiguration section */

/* Begin XCConfigurationList section */
		7B61EE3E174D2161002A483D /* Build configuration list for PBXProject "Instashop" */ = {
			isa = XCConfigurationList;
			buildConfigurations = (
				7B61EE72174D2162002A483D /* Debug */,
				7B61EE73174D2162002A483D /* Release */,
			);
			defaultConfigurationIsVisible = 0;
			defaultConfigurationName = Release;
		};
		7B61EE74174D2162002A483D /* Build configuration list for PBXNativeTarget "Instashop" */ = {
			isa = XCConfigurationList;
			buildConfigurations = (
				7B61EE75174D2162002A483D /* Debug */,
				7B61EE76174D2162002A483D /* Release */,
			);
			defaultConfigurationIsVisible = 0;
			defaultConfigurationName = Release;
		};
/* End XCConfigurationList section */
	};
	rootObject = 7B61EE3B174D2161002A483D /* Project object */;
}
