// !$*UTF8*$!
{
	archiveVersion = 1;
	classes = {
	};
	objectVersion = 46;
	objects = {

/* Begin PBXBuildFile section */
		7B1072AE175E682700D9DC5D /* selectPhotoHeaderBar.png in Resources */ = {isa = PBXBuildFile; fileRef = 7B1072AD175E682700D9DC5D /* selectPhotoHeaderBar.png */; };
		7B1072B3175E6C8C00D9DC5D /* ProductSelectTableViewController.m in Sources */ = {isa = PBXBuildFile; fileRef = 7B1072B1175E6C8C00D9DC5D /* ProductSelectTableViewController.m */; };
		7B1072B4175E6C8C00D9DC5D /* ProductSelectTableViewController.xib in Resources */ = {isa = PBXBuildFile; fileRef = 7B1072B2175E6C8C00D9DC5D /* ProductSelectTableViewController.xib */; };
		7B4908591758FE2E0047ED3B /* FeedViewController.m in Sources */ = {isa = PBXBuildFile; fileRef = 7B4908571758FE2E0047ED3B /* FeedViewController.m */; };
		7B49085A1758FE2E0047ED3B /* FeedViewController.xib in Resources */ = {isa = PBXBuildFile; fileRef = 7B4908581758FE2E0047ED3B /* FeedViewController.xib */; };
		7B49085E1758FE5B0047ED3B /* NotificationsViewController.m in Sources */ = {isa = PBXBuildFile; fileRef = 7B49085C1758FE5B0047ED3B /* NotificationsViewController.m */; };
		7B49085F1758FE5B0047ED3B /* NotificationsViewController.xib in Resources */ = {isa = PBXBuildFile; fileRef = 7B49085D1758FE5B0047ED3B /* NotificationsViewController.xib */; };
		7B4908631758FE650047ED3B /* DiscoverViewController.m in Sources */ = {isa = PBXBuildFile; fileRef = 7B4908611758FE650047ED3B /* DiscoverViewController.m */; };
		7B4908641758FE650047ED3B /* DiscoverViewController.xib in Resources */ = {isa = PBXBuildFile; fileRef = 7B4908621758FE650047ED3B /* DiscoverViewController.xib */; };
		7B4908681758FE6C0047ED3B /* ProfileViewController.m in Sources */ = {isa = PBXBuildFile; fileRef = 7B4908661758FE6C0047ED3B /* ProfileViewController.m */; };
		7B4908691758FE6C0047ED3B /* ProfileViewController.xib in Resources */ = {isa = PBXBuildFile; fileRef = 7B4908671758FE6C0047ED3B /* ProfileViewController.xib */; };
		7B4D2E0C175CFC75005DE4B6 /* AppRootViewController.m in Sources */ = {isa = PBXBuildFile; fileRef = 7B4D2E0B175CFC75005DE4B6 /* AppRootViewController.m */; };
		7B4D2E15175CFCD1005DE4B6 /* HomeViewController.m in Sources */ = {isa = PBXBuildFile; fileRef = 7B4D2E13175CFCD1005DE4B6 /* HomeViewController.m */; };
		7B4D2E16175CFCD1005DE4B6 /* HomeViewController.xib in Resources */ = {isa = PBXBuildFile; fileRef = 7B4D2E14175CFCD1005DE4B6 /* HomeViewController.xib */; };
		7B4D2E19175CFFD2005DE4B6 /* feedtopbar.png in Resources */ = {isa = PBXBuildFile; fileRef = 7B4D2E18175CFFD2005DE4B6 /* feedtopbar.png */; };
		7B61EE47174D2162002A483D /* UIKit.framework in Frameworks */ = {isa = PBXBuildFile; fileRef = 7B61EE46174D2162002A483D /* UIKit.framework */; };
		7B61EE49174D2162002A483D /* Foundation.framework in Frameworks */ = {isa = PBXBuildFile; fileRef = 7B61EE48174D2162002A483D /* Foundation.framework */; };
		7B61EE4B174D2162002A483D /* CoreGraphics.framework in Frameworks */ = {isa = PBXBuildFile; fileRef = 7B61EE4A174D2162002A483D /* CoreGraphics.framework */; };
		7B61EE51174D2162002A483D /* InfoPlist.strings in Resources */ = {isa = PBXBuildFile; fileRef = 7B61EE4F174D2162002A483D /* InfoPlist.strings */; };
		7B61EE53174D2162002A483D /* main.m in Sources */ = {isa = PBXBuildFile; fileRef = 7B61EE52174D2162002A483D /* main.m */; };
		7B61EE57174D2162002A483D /* AppDelegate.m in Sources */ = {isa = PBXBuildFile; fileRef = 7B61EE56174D2162002A483D /* AppDelegate.m */; };
		7B61EE59174D2162002A483D /* Default.png in Resources */ = {isa = PBXBuildFile; fileRef = 7B61EE58174D2162002A483D /* Default.png */; };
		7B61EE5B174D2162002A483D /* Default@2x.png in Resources */ = {isa = PBXBuildFile; fileRef = 7B61EE5A174D2162002A483D /* Default@2x.png */; };
		7B61EE5D174D2162002A483D /* Default-568h@2x.png in Resources */ = {isa = PBXBuildFile; fileRef = 7B61EE5C174D2162002A483D /* Default-568h@2x.png */; };
		7B61EE60174D2162002A483D /* FirstViewController.m in Sources */ = {isa = PBXBuildFile; fileRef = 7B61EE5F174D2162002A483D /* FirstViewController.m */; };
		7B61EE67174D2162002A483D /* SecondViewController.m in Sources */ = {isa = PBXBuildFile; fileRef = 7B61EE66174D2162002A483D /* SecondViewController.m */; };
		7B61EE6E174D2162002A483D /* FirstViewController.xib in Resources */ = {isa = PBXBuildFile; fileRef = 7B61EE6C174D2162002A483D /* FirstViewController.xib */; };
		7B61EE71174D2162002A483D /* SecondViewController.xib in Resources */ = {isa = PBXBuildFile; fileRef = 7B61EE6F174D2162002A483D /* SecondViewController.xib */; };
		7B7A743D174D42F2005E90B9 /* IGRequest.m in Sources */ = {isa = PBXBuildFile; fileRef = 7B7A743A174D42F2005E90B9 /* IGRequest.m */; };
		7B7A743E174D42F2005E90B9 /* Instagram.m in Sources */ = {isa = PBXBuildFile; fileRef = 7B7A743C174D42F2005E90B9 /* Instagram.m */; };
		7B7A7446174D4AA1005E90B9 /* AuthenticationViewController.m in Sources */ = {isa = PBXBuildFile; fileRef = 7B7A7444174D4AA1005E90B9 /* AuthenticationViewController.m */; };
		7B7A7447174D4AA1005E90B9 /* AuthenticationViewController.xib in Resources */ = {isa = PBXBuildFile; fileRef = 7B7A7445174D4AA1005E90B9 /* AuthenticationViewController.xib */; };
		7B7A744D174D4ED9005E90B9 /* InstagramUserObject.m in Sources */ = {isa = PBXBuildFile; fileRef = 7B7A744C174D4ED9005E90B9 /* InstagramUserObject.m */; };
		7B7A7452174D505D005E90B9 /* GroupDiskManager.m in Sources */ = {isa = PBXBuildFile; fileRef = 7B7A7451174D505D005E90B9 /* GroupDiskManager.m */; };
		7B7A7459174D52E3005E90B9 /* RootAPIHandler.m in Sources */ = {isa = PBXBuildFile; fileRef = 7B7A7456174D52E3005E90B9 /* RootAPIHandler.m */; };
		7B7A745A174D52E3005E90B9 /* SMWebRequest.m in Sources */ = {isa = PBXBuildFile; fileRef = 7B7A7458174D52E3005E90B9 /* SMWebRequest.m */; };
		7B7B9DF71753E280000F4A3E /* ZenCartAuthenticationAPIHandler.m in Sources */ = {isa = PBXBuildFile; fileRef = 7B7B9DF61753E280000F4A3E /* ZenCartAuthenticationAPIHandler.m */; };
		7B96C036174FDEF800E4EDAD /* ImageAPIHandler.m in Sources */ = {isa = PBXBuildFile; fileRef = 7B96C035174FDEF800E4EDAD /* ImageAPIHandler.m */; };
		7B96C03B174FED3700E4EDAD /* ImagesTableViewCell.m in Sources */ = {isa = PBXBuildFile; fileRef = 7B96C03A174FED3700E4EDAD /* ImagesTableViewCell.m */; };
		7BE3D36E174D537D0045C4B4 /* UserAPIHandler.m in Sources */ = {isa = PBXBuildFile; fileRef = 7BE3D36D174D537D0045C4B4 /* UserAPIHandler.m */; };
		7BE3D372174D74410045C4B4 /* JSONKit.m in Sources */ = {isa = PBXBuildFile; fileRef = 7BE3D371174D74410045C4B4 /* JSONKit.m */; };
		7BE3D377174D772B0045C4B4 /* Utils.m in Sources */ = {isa = PBXBuildFile; fileRef = 7BE3D376174D772B0045C4B4 /* Utils.m */; };
		7BE958F21755473400A7E0AB /* ProductAPIHandler.m in Sources */ = {isa = PBXBuildFile; fileRef = 7BE958F11755473400A7E0AB /* ProductAPIHandler.m */; };
		7BE958F7175548B800A7E0AB /* ProductCreateViewController.m in Sources */ = {isa = PBXBuildFile; fileRef = 7BE958F5175548B800A7E0AB /* ProductCreateViewController.m */; };
		7BE958F8175548B800A7E0AB /* ProductCreateViewController.xib in Resources */ = {isa = PBXBuildFile; fileRef = 7BE958F6175548B800A7E0AB /* ProductCreateViewController.xib */; };
/* End PBXBuildFile section */

/* Begin PBXFileReference section */
		7B1072AD175E682700D9DC5D /* selectPhotoHeaderBar.png */ = {isa = PBXFileReference; lastKnownFileType = image.png; path = selectPhotoHeaderBar.png; sourceTree = "<group>"; };
		7B1072B0175E6C8C00D9DC5D /* ProductSelectTableViewController.h */ = {isa = PBXFileReference; fileEncoding = 4; lastKnownFileType = sourcecode.c.h; path = ProductSelectTableViewController.h; sourceTree = "<group>"; };
		7B1072B1175E6C8C00D9DC5D /* ProductSelectTableViewController.m */ = {isa = PBXFileReference; fileEncoding = 4; lastKnownFileType = sourcecode.c.objc; path = ProductSelectTableViewController.m; sourceTree = "<group>"; };
		7B1072B2175E6C8C00D9DC5D /* ProductSelectTableViewController.xib */ = {isa = PBXFileReference; fileEncoding = 4; lastKnownFileType = file.xib; path = ProductSelectTableViewController.xib; sourceTree = "<group>"; };
		7B4908561758FE2E0047ED3B /* FeedViewController.h */ = {isa = PBXFileReference; fileEncoding = 4; lastKnownFileType = sourcecode.c.h; path = FeedViewController.h; sourceTree = "<group>"; };
		7B4908571758FE2E0047ED3B /* FeedViewController.m */ = {isa = PBXFileReference; fileEncoding = 4; lastKnownFileType = sourcecode.c.objc; path = FeedViewController.m; sourceTree = "<group>"; };
		7B4908581758FE2E0047ED3B /* FeedViewController.xib */ = {isa = PBXFileReference; fileEncoding = 4; lastKnownFileType = file.xib; path = FeedViewController.xib; sourceTree = "<group>"; };
		7B49085B1758FE5B0047ED3B /* NotificationsViewController.h */ = {isa = PBXFileReference; fileEncoding = 4; lastKnownFileType = sourcecode.c.h; path = NotificationsViewController.h; sourceTree = "<group>"; };
		7B49085C1758FE5B0047ED3B /* NotificationsViewController.m */ = {isa = PBXFileReference; fileEncoding = 4; lastKnownFileType = sourcecode.c.objc; path = NotificationsViewController.m; sourceTree = "<group>"; };
		7B49085D1758FE5B0047ED3B /* NotificationsViewController.xib */ = {isa = PBXFileReference; fileEncoding = 4; lastKnownFileType = file.xib; path = NotificationsViewController.xib; sourceTree = "<group>"; };
		7B4908601758FE650047ED3B /* DiscoverViewController.h */ = {isa = PBXFileReference; fileEncoding = 4; lastKnownFileType = sourcecode.c.h; path = DiscoverViewController.h; sourceTree = "<group>"; };
		7B4908611758FE650047ED3B /* DiscoverViewController.m */ = {isa = PBXFileReference; fileEncoding = 4; lastKnownFileType = sourcecode.c.objc; path = DiscoverViewController.m; sourceTree = "<group>"; };
		7B4908621758FE650047ED3B /* DiscoverViewController.xib */ = {isa = PBXFileReference; fileEncoding = 4; lastKnownFileType = file.xib; path = DiscoverViewController.xib; sourceTree = "<group>"; };
		7B4908651758FE6C0047ED3B /* ProfileViewController.h */ = {isa = PBXFileReference; fileEncoding = 4; lastKnownFileType = sourcecode.c.h; path = ProfileViewController.h; sourceTree = "<group>"; };
		7B4908661758FE6C0047ED3B /* ProfileViewController.m */ = {isa = PBXFileReference; fileEncoding = 4; lastKnownFileType = sourcecode.c.objc; path = ProfileViewController.m; sourceTree = "<group>"; };
		7B4908671758FE6C0047ED3B /* ProfileViewController.xib */ = {isa = PBXFileReference; fileEncoding = 4; lastKnownFileType = file.xib; path = ProfileViewController.xib; sourceTree = "<group>"; };
		7B4D2E0A175CFC75005DE4B6 /* AppRootViewController.h */ = {isa = PBXFileReference; fileEncoding = 4; lastKnownFileType = sourcecode.c.h; path = AppRootViewController.h; sourceTree = "<group>"; };
		7B4D2E0B175CFC75005DE4B6 /* AppRootViewController.m */ = {isa = PBXFileReference; fileEncoding = 4; lastKnownFileType = sourcecode.c.objc; path = AppRootViewController.m; sourceTree = "<group>"; };
		7B4D2E12175CFCD1005DE4B6 /* HomeViewController.h */ = {isa = PBXFileReference; fileEncoding = 4; lastKnownFileType = sourcecode.c.h; path = HomeViewController.h; sourceTree = "<group>"; };
		7B4D2E13175CFCD1005DE4B6 /* HomeViewController.m */ = {isa = PBXFileReference; fileEncoding = 4; lastKnownFileType = sourcecode.c.objc; path = HomeViewController.m; sourceTree = "<group>"; };
		7B4D2E14175CFCD1005DE4B6 /* HomeViewController.xib */ = {isa = PBXFileReference; fileEncoding = 4; lastKnownFileType = file.xib; path = HomeViewController.xib; sourceTree = "<group>"; };
		7B4D2E18175CFFD2005DE4B6 /* feedtopbar.png */ = {isa = PBXFileReference; lastKnownFileType = image.png; path = feedtopbar.png; sourceTree = "<group>"; };
		7B61EE43174D2162002A483D /* Instashop.app */ = {isa = PBXFileReference; explicitFileType = wrapper.application; includeInIndex = 0; path = Instashop.app; sourceTree = BUILT_PRODUCTS_DIR; };
		7B61EE46174D2162002A483D /* UIKit.framework */ = {isa = PBXFileReference; lastKnownFileType = wrapper.framework; name = UIKit.framework; path = System/Library/Frameworks/UIKit.framework; sourceTree = SDKROOT; };
		7B61EE48174D2162002A483D /* Foundation.framework */ = {isa = PBXFileReference; lastKnownFileType = wrapper.framework; name = Foundation.framework; path = System/Library/Frameworks/Foundation.framework; sourceTree = SDKROOT; };
		7B61EE4A174D2162002A483D /* CoreGraphics.framework */ = {isa = PBXFileReference; lastKnownFileType = wrapper.framework; name = CoreGraphics.framework; path = System/Library/Frameworks/CoreGraphics.framework; sourceTree = SDKROOT; };
		7B61EE4E174D2162002A483D /* Instashop-Info.plist */ = {isa = PBXFileReference; lastKnownFileType = text.plist.xml; path = "Instashop-Info.plist"; sourceTree = "<group>"; };
		7B61EE50174D2162002A483D /* en */ = {isa = PBXFileReference; lastKnownFileType = text.plist.strings; name = en; path = en.lproj/InfoPlist.strings; sourceTree = "<group>"; };
		7B61EE52174D2162002A483D /* main.m */ = {isa = PBXFileReference; lastKnownFileType = sourcecode.c.objc; path = main.m; sourceTree = "<group>"; };
		7B61EE54174D2162002A483D /* Instashop-Prefix.pch */ = {isa = PBXFileReference; lastKnownFileType = sourcecode.c.h; path = "Instashop-Prefix.pch"; sourceTree = "<group>"; };
		7B61EE55174D2162002A483D /* AppDelegate.h */ = {isa = PBXFileReference; lastKnownFileType = sourcecode.c.h; path = AppDelegate.h; sourceTree = "<group>"; };
		7B61EE56174D2162002A483D /* AppDelegate.m */ = {isa = PBXFileReference; lastKnownFileType = sourcecode.c.objc; path = AppDelegate.m; sourceTree = "<group>"; };
		7B61EE58174D2162002A483D /* Default.png */ = {isa = PBXFileReference; lastKnownFileType = image.png; path = Default.png; sourceTree = "<group>"; };
		7B61EE5A174D2162002A483D /* Default@2x.png */ = {isa = PBXFileReference; lastKnownFileType = image.png; path = "Default@2x.png"; sourceTree = "<group>"; };
		7B61EE5C174D2162002A483D /* Default-568h@2x.png */ = {isa = PBXFileReference; lastKnownFileType = image.png; path = "Default-568h@2x.png"; sourceTree = "<group>"; };
		7B61EE5E174D2162002A483D /* FirstViewController.h */ = {isa = PBXFileReference; lastKnownFileType = sourcecode.c.h; path = FirstViewController.h; sourceTree = "<group>"; };
		7B61EE5F174D2162002A483D /* FirstViewController.m */ = {isa = PBXFileReference; lastKnownFileType = sourcecode.c.objc; path = FirstViewController.m; sourceTree = "<group>"; };
		7B61EE65174D2162002A483D /* SecondViewController.h */ = {isa = PBXFileReference; lastKnownFileType = sourcecode.c.h; path = SecondViewController.h; sourceTree = "<group>"; };
		7B61EE66174D2162002A483D /* SecondViewController.m */ = {isa = PBXFileReference; lastKnownFileType = sourcecode.c.objc; path = SecondViewController.m; sourceTree = "<group>"; };
		7B61EE6D174D2162002A483D /* en */ = {isa = PBXFileReference; lastKnownFileType = file.xib; name = en; path = en.lproj/FirstViewController.xib; sourceTree = "<group>"; };
		7B61EE70174D2162002A483D /* en */ = {isa = PBXFileReference; lastKnownFileType = file.xib; name = en; path = en.lproj/SecondViewController.xib; sourceTree = "<group>"; };
		7B7A7438174D42F2005E90B9 /* IGConnect.h */ = {isa = PBXFileReference; fileEncoding = 4; lastKnownFileType = sourcecode.c.h; path = IGConnect.h; sourceTree = "<group>"; };
		7B7A7439174D42F2005E90B9 /* IGRequest.h */ = {isa = PBXFileReference; fileEncoding = 4; lastKnownFileType = sourcecode.c.h; path = IGRequest.h; sourceTree = "<group>"; };
		7B7A743A174D42F2005E90B9 /* IGRequest.m */ = {isa = PBXFileReference; fileEncoding = 4; lastKnownFileType = sourcecode.c.objc; path = IGRequest.m; sourceTree = "<group>"; };
		7B7A743B174D42F2005E90B9 /* Instagram.h */ = {isa = PBXFileReference; fileEncoding = 4; lastKnownFileType = sourcecode.c.h; path = Instagram.h; sourceTree = "<group>"; };
		7B7A743C174D42F2005E90B9 /* Instagram.m */ = {isa = PBXFileReference; fileEncoding = 4; lastKnownFileType = sourcecode.c.objc; path = Instagram.m; sourceTree = "<group>"; };
		7B7A7443174D4AA1005E90B9 /* AuthenticationViewController.h */ = {isa = PBXFileReference; fileEncoding = 4; lastKnownFileType = sourcecode.c.h; path = AuthenticationViewController.h; sourceTree = "<group>"; };
		7B7A7444174D4AA1005E90B9 /* AuthenticationViewController.m */ = {isa = PBXFileReference; fileEncoding = 4; lastKnownFileType = sourcecode.c.objc; path = AuthenticationViewController.m; sourceTree = "<group>"; };
		7B7A7445174D4AA1005E90B9 /* AuthenticationViewController.xib */ = {isa = PBXFileReference; fileEncoding = 4; lastKnownFileType = file.xib; path = AuthenticationViewController.xib; sourceTree = "<group>"; };
		7B7A744B174D4ED9005E90B9 /* InstagramUserObject.h */ = {isa = PBXFileReference; fileEncoding = 4; lastKnownFileType = sourcecode.c.h; path = InstagramUserObject.h; sourceTree = "<group>"; };
		7B7A744C174D4ED9005E90B9 /* InstagramUserObject.m */ = {isa = PBXFileReference; fileEncoding = 4; lastKnownFileType = sourcecode.c.objc; path = InstagramUserObject.m; sourceTree = "<group>"; };
		7B7A7450174D505D005E90B9 /* GroupDiskManager.h */ = {isa = PBXFileReference; fileEncoding = 4; lastKnownFileType = sourcecode.c.h; path = GroupDiskManager.h; sourceTree = "<group>"; };
		7B7A7451174D505D005E90B9 /* GroupDiskManager.m */ = {isa = PBXFileReference; fileEncoding = 4; lastKnownFileType = sourcecode.c.objc; path = GroupDiskManager.m; sourceTree = "<group>"; };
		7B7A7455174D52E3005E90B9 /* RootAPIHandler.h */ = {isa = PBXFileReference; fileEncoding = 4; lastKnownFileType = sourcecode.c.h; path = RootAPIHandler.h; sourceTree = "<group>"; };
		7B7A7456174D52E3005E90B9 /* RootAPIHandler.m */ = {isa = PBXFileReference; fileEncoding = 4; lastKnownFileType = sourcecode.c.objc; path = RootAPIHandler.m; sourceTree = "<group>"; };
		7B7A7457174D52E3005E90B9 /* SMWebRequest.h */ = {isa = PBXFileReference; fileEncoding = 4; lastKnownFileType = sourcecode.c.h; path = SMWebRequest.h; sourceTree = "<group>"; };
		7B7A7458174D52E3005E90B9 /* SMWebRequest.m */ = {isa = PBXFileReference; fileEncoding = 4; lastKnownFileType = sourcecode.c.objc; path = SMWebRequest.m; sourceTree = "<group>"; };
		7B7B9DF51753E280000F4A3E /* ZenCartAuthenticationAPIHandler.h */ = {isa = PBXFileReference; fileEncoding = 4; lastKnownFileType = sourcecode.c.h; path = ZenCartAuthenticationAPIHandler.h; sourceTree = "<group>"; };
		7B7B9DF61753E280000F4A3E /* ZenCartAuthenticationAPIHandler.m */ = {isa = PBXFileReference; fileEncoding = 4; lastKnownFileType = sourcecode.c.objc; path = ZenCartAuthenticationAPIHandler.m; sourceTree = "<group>"; };
		7B96C034174FDEF800E4EDAD /* ImageAPIHandler.h */ = {isa = PBXFileReference; fileEncoding = 4; lastKnownFileType = sourcecode.c.h; path = ImageAPIHandler.h; sourceTree = "<group>"; };
		7B96C035174FDEF800E4EDAD /* ImageAPIHandler.m */ = {isa = PBXFileReference; fileEncoding = 4; lastKnownFileType = sourcecode.c.objc; path = ImageAPIHandler.m; sourceTree = "<group>"; };
		7B96C037174FE0B100E4EDAD /* ImageRequestorProtocol.h */ = {isa = PBXFileReference; lastKnownFileType = sourcecode.c.h; path = ImageRequestorProtocol.h; sourceTree = "<group>"; };
		7B96C039174FED3700E4EDAD /* ImagesTableViewCell.h */ = {isa = PBXFileReference; fileEncoding = 4; lastKnownFileType = sourcecode.c.h; path = ImagesTableViewCell.h; sourceTree = "<group>"; };
		7B96C03A174FED3700E4EDAD /* ImagesTableViewCell.m */ = {isa = PBXFileReference; fileEncoding = 4; lastKnownFileType = sourcecode.c.objc; path = ImagesTableViewCell.m; sourceTree = "<group>"; };
		7BE3D36C174D537D0045C4B4 /* UserAPIHandler.h */ = {isa = PBXFileReference; fileEncoding = 4; lastKnownFileType = sourcecode.c.h; path = UserAPIHandler.h; sourceTree = "<group>"; };
		7BE3D36D174D537D0045C4B4 /* UserAPIHandler.m */ = {isa = PBXFileReference; fileEncoding = 4; lastKnownFileType = sourcecode.c.objc; path = UserAPIHandler.m; sourceTree = "<group>"; };
		7BE3D370174D74410045C4B4 /* JSONKit.h */ = {isa = PBXFileReference; fileEncoding = 4; lastKnownFileType = sourcecode.c.h; path = JSONKit.h; sourceTree = "<group>"; };
		7BE3D371174D74410045C4B4 /* JSONKit.m */ = {isa = PBXFileReference; fileEncoding = 4; lastKnownFileType = sourcecode.c.objc; path = JSONKit.m; sourceTree = "<group>"; };
		7BE3D375174D772B0045C4B4 /* Utils.h */ = {isa = PBXFileReference; fileEncoding = 4; lastKnownFileType = sourcecode.c.h; path = Utils.h; sourceTree = "<group>"; };
		7BE3D376174D772B0045C4B4 /* Utils.m */ = {isa = PBXFileReference; fileEncoding = 4; lastKnownFileType = sourcecode.c.objc; path = Utils.m; sourceTree = "<group>"; };
		7BE958F01755473400A7E0AB /* ProductAPIHandler.h */ = {isa = PBXFileReference; fileEncoding = 4; lastKnownFileType = sourcecode.c.h; path = ProductAPIHandler.h; sourceTree = "<group>"; };
		7BE958F11755473400A7E0AB /* ProductAPIHandler.m */ = {isa = PBXFileReference; fileEncoding = 4; lastKnownFileType = sourcecode.c.objc; path = ProductAPIHandler.m; sourceTree = "<group>"; };
		7BE958F4175548B800A7E0AB /* ProductCreateViewController.h */ = {isa = PBXFileReference; fileEncoding = 4; lastKnownFileType = sourcecode.c.h; path = ProductCreateViewController.h; sourceTree = "<group>"; };
		7BE958F5175548B800A7E0AB /* ProductCreateViewController.m */ = {isa = PBXFileReference; fileEncoding = 4; lastKnownFileType = sourcecode.c.objc; path = ProductCreateViewController.m; sourceTree = "<group>"; };
		7BE958F6175548B800A7E0AB /* ProductCreateViewController.xib */ = {isa = PBXFileReference; fileEncoding = 4; lastKnownFileType = file.xib; path = ProductCreateViewController.xib; sourceTree = "<group>"; };
/* End PBXFileReference section */

/* Begin PBXFrameworksBuildPhase section */
		7B61EE40174D2161002A483D /* Frameworks */ = {
			isa = PBXFrameworksBuildPhase;
			buildActionMask = 2147483647;
			files = (
				7B61EE47174D2162002A483D /* UIKit.framework in Frameworks */,
				7B61EE49174D2162002A483D /* Foundation.framework in Frameworks */,
				7B61EE4B174D2162002A483D /* CoreGraphics.framework in Frameworks */,
			);
			runOnlyForDeploymentPostprocessing = 0;
		};
/* End PBXFrameworksBuildPhase section */

/* Begin PBXGroup section */
		7B1072AB175E664400D9DC5D /* MainVCs */ = {
			isa = PBXGroup;
			children = (
				7B7A743F174D49F9005E90B9 /* Authentication */,
				7B4908521758FDF50047ED3B /* Feed */,
				7B4D2E0D175CFCAA005DE4B6 /* Home */,
				7B4908531758FE010047ED3B /* Discover */,
				7B4908541758FE0A0047ED3B /* Notifications */,
			);
			name = MainVCs;
			sourceTree = "<group>";
		};
		7B1072AF175E6C6800D9DC5D /* ProductSelectTableController */ = {
			isa = PBXGroup;
			children = (
				7B1072B0175E6C8C00D9DC5D /* ProductSelectTableViewController.h */,
				7B1072B1175E6C8C00D9DC5D /* ProductSelectTableViewController.m */,
				7B1072B2175E6C8C00D9DC5D /* ProductSelectTableViewController.xib */,
			);
			name = ProductSelectTableController;
			sourceTree = "<group>";
		};
		7B4908521758FDF50047ED3B /* Feed */ = {
			isa = PBXGroup;
			children = (
				7B4908561758FE2E0047ED3B /* FeedViewController.h */,
				7B4908571758FE2E0047ED3B /* FeedViewController.m */,
				7B4908581758FE2E0047ED3B /* FeedViewController.xib */,
			);
			name = Feed;
			sourceTree = "<group>";
		};
		7B4908531758FE010047ED3B /* Discover */ = {
			isa = PBXGroup;
			children = (
				7B4908601758FE650047ED3B /* DiscoverViewController.h */,
				7B4908611758FE650047ED3B /* DiscoverViewController.m */,
				7B4908621758FE650047ED3B /* DiscoverViewController.xib */,
			);
			name = Discover;
			sourceTree = "<group>";
		};
		7B4908541758FE0A0047ED3B /* Notifications */ = {
			isa = PBXGroup;
			children = (
				7B49085B1758FE5B0047ED3B /* NotificationsViewController.h */,
				7B49085C1758FE5B0047ED3B /* NotificationsViewController.m */,
				7B49085D1758FE5B0047ED3B /* NotificationsViewController.xib */,
			);
			name = Notifications;
			sourceTree = "<group>";
		};
		7B4908551758FE100047ED3B /* Profile */ = {
			isa = PBXGroup;
			children = (
				7B4908651758FE6C0047ED3B /* ProfileViewController.h */,
				7B4908661758FE6C0047ED3B /* ProfileViewController.m */,
				7B4908671758FE6C0047ED3B /* ProfileViewController.xib */,
			);
			name = Profile;
			sourceTree = "<group>";
		};
		7B4D2E0D175CFCAA005DE4B6 /* Home */ = {
			isa = PBXGroup;
			children = (
				7B4D2E12175CFCD1005DE4B6 /* HomeViewController.h */,
				7B4D2E13175CFCD1005DE4B6 /* HomeViewController.m */,
				7B4D2E14175CFCD1005DE4B6 /* HomeViewController.xib */,
			);
			name = Home;
			sourceTree = "<group>";
		};
		7B4D2E17175CFFBE005DE4B6 /* shittyimages */ = {
			isa = PBXGroup;
			children = (
				7B1072AD175E682700D9DC5D /* selectPhotoHeaderBar.png */,
				7B4D2E18175CFFD2005DE4B6 /* feedtopbar.png */,
			);
			name = shittyimages;
			sourceTree = "<group>";
		};
		7B61EE3A174D2161002A483D = {
			isa = PBXGroup;
			children = (
				7B61EE4C174D2162002A483D /* Instashop */,
				7B61EE45174D2162002A483D /* Frameworks */,
				7B61EE44174D2162002A483D /* Products */,
			);
			sourceTree = "<group>";
		};
		7B61EE44174D2162002A483D /* Products */ = {
			isa = PBXGroup;
			children = (
				7B61EE43174D2162002A483D /* Instashop.app */,
			);
			name = Products;
			sourceTree = "<group>";
		};
		7B61EE45174D2162002A483D /* Frameworks */ = {
			isa = PBXGroup;
			children = (
				7B61EE46174D2162002A483D /* UIKit.framework */,
				7B61EE48174D2162002A483D /* Foundation.framework */,
				7B61EE4A174D2162002A483D /* CoreGraphics.framework */,
			);
			name = Frameworks;
			sourceTree = "<group>";
		};
		7B61EE4C174D2162002A483D /* Instashop */ = {
			isa = PBXGroup;
			children = (
				7BE3D36F174D74340045C4B4 /* Utils */,
				7B7A7448174D4EAE005E90B9 /* VCs */,
				7B7A7453174D51B4005E90B9 /* Old */,
				7B7A7449174D4EB8005E90B9 /* Data */,
				7B7A7454174D52D2005E90B9 /* Net */,
				7B61EE55174D2162002A483D /* AppDelegate.h */,
				7B61EE56174D2162002A483D /* AppDelegate.m */,
				7B61EE4D174D2162002A483D /* Supporting Files */,
			);
			path = Instashop;
			sourceTree = "<group>";
		};
		7B61EE4D174D2162002A483D /* Supporting Files */ = {
			isa = PBXGroup;
			children = (
				7B4D2E17175CFFBE005DE4B6 /* shittyimages */,
				7B7A7437174D42F2005E90B9 /* instagram-ios-sdk */,
				7B61EE4E174D2162002A483D /* Instashop-Info.plist */,
				7B61EE4F174D2162002A483D /* InfoPlist.strings */,
				7B61EE52174D2162002A483D /* main.m */,
				7B61EE54174D2162002A483D /* Instashop-Prefix.pch */,
				7B61EE58174D2162002A483D /* Default.png */,
				7B61EE5A174D2162002A483D /* Default@2x.png */,
				7B61EE5C174D2162002A483D /* Default-568h@2x.png */,
			);
			name = "Supporting Files";
			sourceTree = "<group>";
		};
		7B7A7437174D42F2005E90B9 /* instagram-ios-sdk */ = {
			isa = PBXGroup;
			children = (
				7B7A7438174D42F2005E90B9 /* IGConnect.h */,
				7B7A7439174D42F2005E90B9 /* IGRequest.h */,
				7B7A743A174D42F2005E90B9 /* IGRequest.m */,
				7B7A743B174D42F2005E90B9 /* Instagram.h */,
				7B7A743C174D42F2005E90B9 /* Instagram.m */,
			);
			path = "instagram-ios-sdk";
			sourceTree = "<group>";
		};
		7B7A743F174D49F9005E90B9 /* Authentication */ = {
			isa = PBXGroup;
			children = (
				7B7A7443174D4AA1005E90B9 /* AuthenticationViewController.h */,
				7B7A7444174D4AA1005E90B9 /* AuthenticationViewController.m */,
				7B7A7445174D4AA1005E90B9 /* AuthenticationViewController.xib */,
			);
			name = Authentication;
			sourceTree = "<group>";
		};
		7B7A7448174D4EAE005E90B9 /* VCs */ = {
			isa = PBXGroup;
			children = (
				7B1072AB175E664400D9DC5D /* MainVCs */,
				7BE958F3175548A100A7E0AB /* ProductCreate */,
				7B4D2E0A175CFC75005DE4B6 /* AppRootViewController.h */,
				7B4D2E0B175CFC75005DE4B6 /* AppRootViewController.m */,
			);
			name = VCs;
			sourceTree = "<group>";
		};
		7B7A7449174D4EB8005E90B9 /* Data */ = {
			isa = PBXGroup;
			children = (
				7B7A744F174D5052005E90B9 /* DiskManager */,
				7B7A744A174D4EC3005E90B9 /* User */,
			);
			name = Data;
			sourceTree = "<group>";
		};
		7B7A744A174D4EC3005E90B9 /* User */ = {
			isa = PBXGroup;
			children = (
				7B7A744B174D4ED9005E90B9 /* InstagramUserObject.h */,
				7B7A744C174D4ED9005E90B9 /* InstagramUserObject.m */,
			);
			name = User;
			sourceTree = "<group>";
		};
		7B7A744F174D5052005E90B9 /* DiskManager */ = {
			isa = PBXGroup;
			children = (
				7B7A7450174D505D005E90B9 /* GroupDiskManager.h */,
				7B7A7451174D505D005E90B9 /* GroupDiskManager.m */,
			);
			name = DiskManager;
			sourceTree = "<group>";
		};
		7B7A7453174D51B4005E90B9 /* Old */ = {
			isa = PBXGroup;
			children = (
				7B4908551758FE100047ED3B /* Profile */,
				7B96C038174FED1D00E4EDAD /* Cells */,
				7B61EE5E174D2162002A483D /* FirstViewController.h */,
				7B61EE5F174D2162002A483D /* FirstViewController.m */,
				7B61EE6C174D2162002A483D /* FirstViewController.xib */,
				7B61EE65174D2162002A483D /* SecondViewController.h */,
				7B61EE66174D2162002A483D /* SecondViewController.m */,
				7B61EE6F174D2162002A483D /* SecondViewController.xib */,
			);
			name = Old;
			sourceTree = "<group>";
		};
		7B7A7454174D52D2005E90B9 /* Net */ = {
			isa = PBXGroup;
			children = (
				7BE958EF1755470000A7E0AB /* Products */,
				7B7B9DF41753E26F000F4A3E /* ZenCart */,
				7B96C033174FDEEA00E4EDAD /* Images */,
				7BE3D36B174D536B0045C4B4 /* User */,
				7B7A7455174D52E3005E90B9 /* RootAPIHandler.h */,
				7B7A7456174D52E3005E90B9 /* RootAPIHandler.m */,
				7B7A7457174D52E3005E90B9 /* SMWebRequest.h */,
				7B7A7458174D52E3005E90B9 /* SMWebRequest.m */,
			);
			name = Net;
			sourceTree = "<group>";
		};
		7B7B9DF41753E26F000F4A3E /* ZenCart */ = {
			isa = PBXGroup;
			children = (
				7B7B9DF51753E280000F4A3E /* ZenCartAuthenticationAPIHandler.h */,
				7B7B9DF61753E280000F4A3E /* ZenCartAuthenticationAPIHandler.m */,
			);
			name = ZenCart;
			sourceTree = "<group>";
		};
		7B96C033174FDEEA00E4EDAD /* Images */ = {
			isa = PBXGroup;
			children = (
				7B96C034174FDEF800E4EDAD /* ImageAPIHandler.h */,
				7B96C035174FDEF800E4EDAD /* ImageAPIHandler.m */,
				7B96C037174FE0B100E4EDAD /* ImageRequestorProtocol.h */,
			);
			name = Images;
			sourceTree = "<group>";
		};
		7B96C038174FED1D00E4EDAD /* Cells */ = {
			isa = PBXGroup;
			children = (
				7B96C039174FED3700E4EDAD /* ImagesTableViewCell.h */,
				7B96C03A174FED3700E4EDAD /* ImagesTableViewCell.m */,
			);
			name = Cells;
			sourceTree = "<group>";
		};
		7BE3D36B174D536B0045C4B4 /* User */ = {
			isa = PBXGroup;
			children = (
				7BE3D36C174D537D0045C4B4 /* UserAPIHandler.h */,
				7BE3D36D174D537D0045C4B4 /* UserAPIHandler.m */,
			);
			name = User;
			sourceTree = "<group>";
		};
		7BE3D36F174D74340045C4B4 /* Utils */ = {
			isa = PBXGroup;
			children = (
				7BE3D373174D77110045C4B4 /* JSONKit */,
				7BE3D370174D74410045C4B4 /* JSONKit.h */,
				7BE3D371174D74410045C4B4 /* JSONKit.m */,
				7BE3D375174D772B0045C4B4 /* Utils.h */,
				7BE3D376174D772B0045C4B4 /* Utils.m */,
			);
			name = Utils;
			sourceTree = "<group>";
		};
		7BE3D373174D77110045C4B4 /* JSONKit */ = {
			isa = PBXGroup;
			children = (
			);
			name = JSONKit;
			sourceTree = "<group>";
		};
		7BE958EF1755470000A7E0AB /* Products */ = {
			isa = PBXGroup;
			children = (
				7BE958F01755473400A7E0AB /* ProductAPIHandler.h */,
				7BE958F11755473400A7E0AB /* ProductAPIHandler.m */,
			);
			name = Products;
			sourceTree = "<group>";
		};
		7BE958F3175548A100A7E0AB /* ProductCreate */ = {
			isa = PBXGroup;
			children = (
				7B1072AF175E6C6800D9DC5D /* ProductSelectTableController */,
				7BE958F4175548B800A7E0AB /* ProductCreateViewController.h */,
				7BE958F5175548B800A7E0AB /* ProductCreateViewController.m */,
				7BE958F6175548B800A7E0AB /* ProductCreateViewController.xib */,
			);
			name = ProductCreate;
			sourceTree = "<group>";
		};
/* End PBXGroup section */

/* Begin PBXNativeTarget section */
		7B61EE42174D2161002A483D /* Instashop */ = {
			isa = PBXNativeTarget;
			buildConfigurationList = 7B61EE74174D2162002A483D /* Build configuration list for PBXNativeTarget "Instashop" */;
			buildPhases = (
				7B61EE3F174D2161002A483D /* Sources */,
				7B61EE40174D2161002A483D /* Frameworks */,
				7B61EE41174D2161002A483D /* Resources */,
			);
			buildRules = (
			);
			dependencies = (
			);
			name = Instashop;
			productName = Instashop;
			productReference = 7B61EE43174D2162002A483D /* Instashop.app */;
			productType = "com.apple.product-type.application";
		};
/* End PBXNativeTarget section */

/* Begin PBXProject section */
		7B61EE3B174D2161002A483D /* Project object */ = {
			isa = PBXProject;
			attributes = {
				LastUpgradeCheck = 0460;
				ORGANIZATIONNAME = "Josh Klobe";
			};
			buildConfigurationList = 7B61EE3E174D2161002A483D /* Build configuration list for PBXProject "Instashop" */;
			compatibilityVersion = "Xcode 3.2";
			developmentRegion = English;
			hasScannedForEncodings = 0;
			knownRegions = (
				en,
			);
			mainGroup = 7B61EE3A174D2161002A483D;
			productRefGroup = 7B61EE44174D2162002A483D /* Products */;
			projectDirPath = "";
			projectRoot = "";
			targets = (
				7B61EE42174D2161002A483D /* Instashop */,
			);
		};
/* End PBXProject section */

/* Begin PBXResourcesBuildPhase section */
		7B61EE41174D2161002A483D /* Resources */ = {
			isa = PBXResourcesBuildPhase;
			buildActionMask = 2147483647;
			files = (
				7B61EE51174D2162002A483D /* InfoPlist.strings in Resources */,
				7B61EE59174D2162002A483D /* Default.png in Resources */,
				7B61EE5B174D2162002A483D /* Default@2x.png in Resources */,
				7B61EE5D174D2162002A483D /* Default-568h@2x.png in Resources */,
				7B61EE6E174D2162002A483D /* FirstViewController.xib in Resources */,
				7B61EE71174D2162002A483D /* SecondViewController.xib in Resources */,
				7B7A7447174D4AA1005E90B9 /* AuthenticationViewController.xib in Resources */,
				7BE958F8175548B800A7E0AB /* ProductCreateViewController.xib in Resources */,
				7B49085A1758FE2E0047ED3B /* FeedViewController.xib in Resources */,
				7B49085F1758FE5B0047ED3B /* NotificationsViewController.xib in Resources */,
				7B4908641758FE650047ED3B /* DiscoverViewController.xib in Resources */,
				7B4908691758FE6C0047ED3B /* ProfileViewController.xib in Resources */,
				7B4D2E16175CFCD1005DE4B6 /* HomeViewController.xib in Resources */,
				7B4D2E19175CFFD2005DE4B6 /* feedtopbar.png in Resources */,
				7B1072AE175E682700D9DC5D /* selectPhotoHeaderBar.png in Resources */,
				7B1072B4175E6C8C00D9DC5D /* ProductSelectTableViewController.xib in Resources */,
			);
			runOnlyForDeploymentPostprocessing = 0;
		};
/* End PBXResourcesBuildPhase section */

/* Begin PBXSourcesBuildPhase section */
		7B61EE3F174D2161002A483D /* Sources */ = {
			isa = PBXSourcesBuildPhase;
			buildActionMask = 2147483647;
			files = (
				7B61EE53174D2162002A483D /* main.m in Sources */,
				7B61EE57174D2162002A483D /* AppDelegate.m in Sources */,
				7B61EE60174D2162002A483D /* FirstViewController.m in Sources */,
				7B61EE67174D2162002A483D /* SecondViewController.m in Sources */,
				7B7A743D174D42F2005E90B9 /* IGRequest.m in Sources */,
				7B7A743E174D42F2005E90B9 /* Instagram.m in Sources */,
				7B7A7446174D4AA1005E90B9 /* AuthenticationViewController.m in Sources */,
				7B7A744D174D4ED9005E90B9 /* InstagramUserObject.m in Sources */,
				7B7A7452174D505D005E90B9 /* GroupDiskManager.m in Sources */,
				7B7A7459174D52E3005E90B9 /* RootAPIHandler.m in Sources */,
				7B7A745A174D52E3005E90B9 /* SMWebRequest.m in Sources */,
				7BE3D36E174D537D0045C4B4 /* UserAPIHandler.m in Sources */,
				7BE3D372174D74410045C4B4 /* JSONKit.m in Sources */,
				7BE3D377174D772B0045C4B4 /* Utils.m in Sources */,
				7B96C036174FDEF800E4EDAD /* ImageAPIHandler.m in Sources */,
				7B96C03B174FED3700E4EDAD /* ImagesTableViewCell.m in Sources */,
				7B7B9DF71753E280000F4A3E /* ZenCartAuthenticationAPIHandler.m in Sources */,
				7BE958F21755473400A7E0AB /* ProductAPIHandler.m in Sources */,
				7BE958F7175548B800A7E0AB /* ProductCreateViewController.m in Sources */,
				7B4908591758FE2E0047ED3B /* FeedViewController.m in Sources */,
				7B49085E1758FE5B0047ED3B /* NotificationsViewController.m in Sources */,
				7B4908631758FE650047ED3B /* DiscoverViewController.m in Sources */,
				7B4908681758FE6C0047ED3B /* ProfileViewController.m in Sources */,
				7B4D2E0C175CFC75005DE4B6 /* AppRootViewController.m in Sources */,
				7B4D2E15175CFCD1005DE4B6 /* HomeViewController.m in Sources */,
				7B1072B3175E6C8C00D9DC5D /* ProductSelectTableViewController.m in Sources */,
			);
			runOnlyForDeploymentPostprocessing = 0;
		};
/* End PBXSourcesBuildPhase section */

/* Begin PBXVariantGroup section */
		7B61EE4F174D2162002A483D /* InfoPlist.strings */ = {
			isa = PBXVariantGroup;
			children = (
				7B61EE50174D2162002A483D /* en */,
			);
			name = InfoPlist.strings;
			sourceTree = "<group>";
		};
		7B61EE6C174D2162002A483D /* FirstViewController.xib */ = {
			isa = PBXVariantGroup;
			children = (
				7B61EE6D174D2162002A483D /* en */,
			);
			name = FirstViewController.xib;
			sourceTree = "<group>";
		};
		7B61EE6F174D2162002A483D /* SecondViewController.xib */ = {
			isa = PBXVariantGroup;
			children = (
				7B61EE70174D2162002A483D /* en */,
			);
			name = SecondViewController.xib;
			sourceTree = "<group>";
		};
/* End PBXVariantGroup section */

/* Begin XCBuildConfiguration section */
		7B61EE72174D2162002A483D /* Debug */ = {
			isa = XCBuildConfiguration;
			buildSettings = {
				ALWAYS_SEARCH_USER_PATHS = NO;
				CLANG_CXX_LANGUAGE_STANDARD = "gnu++0x";
				CLANG_CXX_LIBRARY = "libc++";
				CLANG_WARN_CONSTANT_CONVERSION = YES;
				CLANG_WARN_EMPTY_BODY = YES;
				CLANG_WARN_ENUM_CONVERSION = YES;
				CLANG_WARN_INT_CONVERSION = YES;
				CLANG_WARN__DUPLICATE_METHOD_MATCH = YES;
				CODE_SIGN_IDENTITY = "iPhone Developer: Josh Klobe (V544PARN99)";
				"CODE_SIGN_IDENTITY[sdk=iphoneos*]" = "iPhone Developer: Josh Klobe (V544PARN99)";
				COPY_PHASE_STRIP = NO;
				GCC_C_LANGUAGE_STANDARD = gnu99;
				GCC_DYNAMIC_NO_PIC = NO;
				GCC_OPTIMIZATION_LEVEL = 0;
				GCC_PREPROCESSOR_DEFINITIONS = (
					"DEBUG=1",
					"$(inherited)",
				);
				GCC_SYMBOLS_PRIVATE_EXTERN = NO;
				GCC_WARN_ABOUT_RETURN_TYPE = YES;
				GCC_WARN_UNINITIALIZED_AUTOS = YES;
				GCC_WARN_UNUSED_VARIABLE = YES;
				IPHONEOS_DEPLOYMENT_TARGET = 6.1;
				ONLY_ACTIVE_ARCH = YES;
				PROVISIONING_PROFILE = "938966E9-96A7-4261-80BA-2A475EA46964";
				"PROVISIONING_PROFILE[sdk=iphoneos*]" = "938966E9-96A7-4261-80BA-2A475EA46964";
				SDKROOT = iphoneos;
			};
			name = Debug;
		};
		7B61EE73174D2162002A483D /* Release */ = {
			isa = XCBuildConfiguration;
			buildSettings = {
				ALWAYS_SEARCH_USER_PATHS = NO;
				CLANG_CXX_LANGUAGE_STANDARD = "gnu++0x";
				CLANG_CXX_LIBRARY = "libc++";
				CLANG_WARN_CONSTANT_CONVERSION = YES;
				CLANG_WARN_EMPTY_BODY = YES;
				CLANG_WARN_ENUM_CONVERSION = YES;
				CLANG_WARN_INT_CONVERSION = YES;
				CLANG_WARN__DUPLICATE_METHOD_MATCH = YES;
				CODE_SIGN_IDENTITY = "iPhone Developer: Josh Klobe (V544PARN99)";
				"CODE_SIGN_IDENTITY[sdk=iphoneos*]" = "iPhone Developer: Josh Klobe (V544PARN99)";
				COPY_PHASE_STRIP = YES;
				GCC_C_LANGUAGE_STANDARD = gnu99;
				GCC_WARN_ABOUT_RETURN_TYPE = YES;
				GCC_WARN_UNINITIALIZED_AUTOS = YES;
				GCC_WARN_UNUSED_VARIABLE = YES;
				IPHONEOS_DEPLOYMENT_TARGET = 6.1;
				OTHER_CFLAGS = "-DNS_BLOCK_ASSERTIONS=1";
				PROVISIONING_PROFILE = "938966E9-96A7-4261-80BA-2A475EA46964";
				"PROVISIONING_PROFILE[sdk=iphoneos*]" = "938966E9-96A7-4261-80BA-2A475EA46964";
				SDKROOT = iphoneos;
				VALIDATE_PRODUCT = YES;
			};
			name = Release;
		};
		7B61EE75174D2162002A483D /* Debug */ = {
			isa = XCBuildConfiguration;
			buildSettings = {
				CODE_SIGN_IDENTITY = "iPhone Developer: Josh Klobe (V544PARN99)";
				"CODE_SIGN_IDENTITY[sdk=iphoneos*]" = "iPhone Developer: Josh Klobe (V544PARN99)";
				GCC_PRECOMPILE_PREFIX_HEADER = YES;
				GCC_PREFIX_HEADER = "Instashop/Instashop-Prefix.pch";
				INFOPLIST_FILE = "Instashop/Instashop-Info.plist";
				PRODUCT_NAME = "$(TARGET_NAME)";
				PROVISIONING_PROFILE = "938966E9-96A7-4261-80BA-2A475EA46964";
				"PROVISIONING_PROFILE[sdk=iphoneos*]" = "938966E9-96A7-4261-80BA-2A475EA46964";
				WRAPPER_EXTENSION = app;
			};
			name = Debug;
		};
		7B61EE76174D2162002A483D /* Release */ = {
			isa = XCBuildConfiguration;
			buildSettings = {
				CODE_SIGN_IDENTITY = "iPhone Developer: Josh Klobe (V544PARN99)";
				"CODE_SIGN_IDENTITY[sdk=iphoneos*]" = "iPhone Developer: Josh Klobe (V544PARN99)";
				GCC_PRECOMPILE_PREFIX_HEADER = YES;
				GCC_PREFIX_HEADER = "Instashop/Instashop-Prefix.pch";
				INFOPLIST_FILE = "Instashop/Instashop-Info.plist";
				PRODUCT_NAME = "$(TARGET_NAME)";
				PROVISIONING_PROFILE = "938966E9-96A7-4261-80BA-2A475EA46964";
				"PROVISIONING_PROFILE[sdk=iphoneos*]" = "938966E9-96A7-4261-80BA-2A475EA46964";
				WRAPPER_EXTENSION = app;
			};
			name = Release;
		};
/* End XCBuildConfiguration section */

/* Begin XCConfigurationList section */
		7B61EE3E174D2161002A483D /* Build configuration list for PBXProject "Instashop" */ = {
			isa = XCConfigurationList;
			buildConfigurations = (
				7B61EE72174D2162002A483D /* Debug */,
				7B61EE73174D2162002A483D /* Release */,
			);
			defaultConfigurationIsVisible = 0;
			defaultConfigurationName = Release;
		};
		7B61EE74174D2162002A483D /* Build configuration list for PBXNativeTarget "Instashop" */ = {
			isa = XCConfigurationList;
			buildConfigurations = (
				7B61EE75174D2162002A483D /* Debug */,
				7B61EE76174D2162002A483D /* Release */,
			);
			defaultConfigurationIsVisible = 0;
			defaultConfigurationName = Release;
		};
/* End XCConfigurationList section */
	};
	rootObject = 7B61EE3B174D2161002A483D /* Project object */;
}
